
Microsoft Visual Studio Solution File, Format Version 12.00
# Visual Studio Version 16
VisualStudioVersion = 16.0.30517.126
MinimumVisualStudioVersion = 10.0.40219.1
Project("{FAE04EC0-301F-11D3-BF4B-00C04F79EFBC}") = "MyProject", "MyProject\MyProject.csproj", "{1BEBE377-C6FD-44ED-B1FF-8660141FC221}"
EndProject
Global
	GlobalSection(SolutionConfigurationPlatforms) = preSolution
		Debug|Any CPU = Debug|Any CPU
		Release|Any CPU = Release|Any CPU
	EndGlobalSection
	GlobalSection(ProjectConfigurationPlatforms) = postSolution
		{1BEBE377-C6FD-44ED-B1FF-8660141FC221}.Debug|Any CPU.ActiveCfg = Debug|Any CPU
		{1BEBE377-C6FD-44ED-B1FF-8660141FC221}.Debug|Any CPU.Build.0 = Debug|Any CPU
		{1BEBE377-C6FD-44ED-B1FF-8660141FC221}.Release|Any CPU.ActiveCfg = Release|Any CPU
		{1BEBE377-C6FD-44ED-B1FF-8660141FC221}.Release|Any CPU.Build.0 = Release|Any CPU
	EndGlobalSection
	GlobalSection(SolutionProperties) = preSolution
		HideSolutionNode = FALSE
	EndGlobalSection
	GlobalSection(ExtensibilityGlobals) = postSolution
		SolutionGuid = {EC7C6E6E-27D7-414B-9A72-07D1AD8B8DC8}
	EndGlobalSection
EndGlobal
